# This file may be used to create an environment using:
# $ conda create --name <env> --file <this file>
# platform: linux-64
@EXPLICIT
https://conda.anaconda.org/conda-forge/linux-64/libgomp-16.1.0-he0feb66_2.conda#583bc8fce86ce542fa9a25c5b4d71e80
https://conda.anaconda.org/conda-forge/linux-64/_openmp_mutex-4.5-20_gnu.conda#a9f577daf3de00bca7c3c76c0ecbd1de
https://conda.anaconda.org/conda-forge/noarch/_r-mutex-1.0.1-anacondar_1.tar.bz2#19f9db5f4f1b7f5ef5f6d67207f25f38
https://conda.anaconda.org/conda-forge/linux-64/libgcc-16.1.0-ha9f2e26_2.conda#b230041fd4acdd1127ef5870174310ef
https://conda.anaconda.org/conda-forge/linux-64/libgcc-ng-16.1.0-h69a702a_2.conda#be5ca38a4a2ddfda85ad7aae7d67238a
https://conda.anaconda.org/conda-forge/linux-64/argtable2-2.13-hd590300_1004.conda#d7d089e975b1213c2a0f94e592b7b422
https://conda.anaconda.org/conda-forge/linux-64/bzip2-1.0.8-hda65f42_10.conda#e675fabcf81499adc7edf58124fb1e01
https://conda.anaconda.org/conda-forge/linux-64/liblzma-5.8.3-hb03c661_1.conda#1390b7c5ac0b1d8e447bc5efa6d3c8c2
https://conda.anaconda.org/conda-forge/linux-64/libstdcxx-16.1.0-h934c35e_2.conda#d4883ac53b4074ca17e5c567bb8008f1
https://conda.anaconda.org/conda-forge/linux-64/libzlib-1.3.2-h25fd6f3_3.conda#0de0122d9570a8ab637c6b73db268389
https://conda.anaconda.org/bioconda/linux-64/bedtools-2.31.1-h13024bc_3.tar.bz2#99c4e90e82db906439e00beafb343d16
https://conda.anaconda.org/conda-forge/linux-64/zstd-1.5.7-hb78ec9c_7.conda#aa459086047c0e5e27023ab19f8cb86a
https://conda.anaconda.org/conda-forge/linux-64/ld_impl_linux-64-2.46.1-default_hbd61a6d_102.conda#449500f2c089da11c40f5c21312e3e07
https://conda.anaconda.org/conda-forge/noarch/kernel-headers_linux-64-5.14.0-he073ed8_3.conda#1e453742ed8f6b4250c66be1dd6ba4fe
https://conda.anaconda.org/conda-forge/noarch/tzdata-2026c-h151e31d_0.conda#fcb489df604d100968b737f2cb6076c6
https://conda.anaconda.org/conda-forge/noarch/sysroot_linux-64-2.34-h087de78_3.conda#b04e3a97151611d6a35c8c068b2a03a2
https://conda.anaconda.org/conda-forge/linux-64/binutils_impl_linux-64-2.46.1-default_hfdba357_102.conda#a0c5e0b7f58c8ceeb08e5bc41251d5a2
https://conda.anaconda.org/conda-forge/linux-64/keyutils-1.6.3-h7cc23a3_1.conda#ba55d1b89fd7775e67de8291029b4059
https://conda.anaconda.org/conda-forge/linux-64/ncurses-6.6-hdb14827_1.conda#ee6c0cd80a60961a1f48aa3e0b91f986
https://conda.anaconda.org/conda-forge/linux-64/libedit-3.1.20250104-pl5321h373387f_1.conda#50708d3b951d0f8e2d7f2df5b5edc040
https://conda.anaconda.org/conda-forge/noarch/ca-certificates-2026.7.22-hbd8a1cb_0.conda#0f51e2391ade309db462a55611263e9c
https://conda.anaconda.org/conda-forge/linux-64/openssl-3.6.3-h35e630c_1.conda#c5955c27917ff2234def47f075e71e02
https://conda.anaconda.org/conda-forge/linux-64/krb5-1.22.2-hbc21106_2.conda#53318d715316929a574f83591308b1f8
https://conda.anaconda.org/conda-forge/linux-64/c-ares-1.34.8-hebe6cf0_2.conda#3ad2b403be8fc5612b9159e2ce621f69
https://conda.anaconda.org/conda-forge/linux-64/libev-4.33-h280c20c_3.conda#7bc31538d6e3fb349e897353969237ec
https://conda.anaconda.org/conda-forge/linux-64/libnghttp2-1.68.1-h74cf4be_1.conda#75d211f04ac87506f1f43420712a69fe
https://conda.anaconda.org/conda-forge/linux-64/libssh2-1.11.1-h6154650_1.conda#5c526561e1d2a2e071941174eae84557
https://conda.anaconda.org/conda-forge/linux-64/libcurl-8.21.0-hcf29cc6_1.conda#2c1e55d695b11525c760b486ac0be517
https://conda.anaconda.org/conda-forge/linux-64/curl-8.21.0-hcf29cc6_1.conda#58609be98a9725cd359a1c63ff329628
https://conda.anaconda.org/conda-forge/linux-64/libunistring-0.9.10-h7f98852_0.tar.bz2#7245a044b4a1980ed83196176b78b73a
https://conda.anaconda.org/conda-forge/linux-64/libidn2-2.3.8-hfac485b_1.conda#842a81de672ddcf476337c8bde3cad33
https://conda.anaconda.org/conda-forge/linux-64/zlib-1.3.2-h25fd6f3_3.conda#6acb86426229f96f93e5468d1df3a5e8
https://conda.anaconda.org/conda-forge/linux-64/wget-1.21.4-hda4d442_0.conda#361e96b664eac64a33c20dfd11affbff
https://conda.anaconda.org/bioconda/linux-64/entrez-direct-24.0-he881be0_0.tar.bz2#52a3fabee9201c2c6093c13b4eaf29b4
https://conda.anaconda.org/conda-forge/linux-64/libsqlite-3.53.4-h0737f62_1.conda#17b328272d5caa0994678529be5b86ab
https://conda.anaconda.org/bioconda/linux-64/ncbi-vdb-3.4.1-hd63eeec_0.conda#70de9f284c305131b458cf69676f1b2f
https://conda.anaconda.org/conda-forge/linux-64/libxcrypt-4.4.38-h280c20c_0.conda#f7a7ff5a6ab331e037abd34f379a631d
https://conda.anaconda.org/conda-forge/linux-64/perl-5.32.1-7_hd590300_perl5.conda#f2cfec9406850991f4e3d960cc9e3321
https://conda.anaconda.org/conda-forge/linux-64/perl-compress-raw-bzip2-2.214-pl5321hda65f42_0.conda#1ec33b9f74a71c17cc5579e35027832a
https://conda.anaconda.org/conda-forge/linux-64/perl-compress-raw-zlib-2.214-pl5321h4dac143_0.conda#943e7033e6f709adf0d89a3af51ab81b
https://conda.anaconda.org/conda-forge/noarch/perl-exporter-5.74-pl5321hd8ed1ab_0.tar.bz2#fd2eac4e35f8c970870a3961c1df3e29
https://conda.anaconda.org/conda-forge/noarch/perl-parent-0.243-pl5321hd8ed1ab_0.conda#314caa3b72d65f8078d426c6721dcacc
https://conda.anaconda.org/conda-forge/linux-64/perl-storable-3.15-pl5321hb9d3cd8_2.conda#212f63a5c7c753ecf0a74c349b9270c5
https://conda.anaconda.org/conda-forge/linux-64/perl-encode-3.24-pl5321hb03c661_0.conda#35776d4c5766e9d98754d1e7530c2961
https://conda.anaconda.org/conda-forge/linux-64/perl-scalar-list-utils-1.70-pl5321hb03c661_0.conda#046486011bf7674e3c2f2a1513ac4f3d
https://conda.anaconda.org/bioconda/linux-64/perl-io-compress-2.216-pl5321h503566f_0.conda#0784cb3c120f934a5fe61961c8238330
https://conda.anaconda.org/bioconda/noarch/perl-io-zlib-1.15-pl5321hdfd78af_1.tar.bz2#db92645dabe9467115729e4479841b5d
https://conda.anaconda.org/conda-forge/noarch/perl-extutils-makemaker-7.70-pl5321hd8ed1ab_0.conda#ec3e57ed34f7765bfc7054a05868ce5d
https://conda.anaconda.org/conda-forge/noarch/perl-carp-1.50-pl5321hd8ed1ab_0.tar.bz2#bdddc03e28019b902da71b722f2288d7
https://conda.anaconda.org/conda-forge/linux-64/perl-pathtools-3.75-pl5321hb9d3cd8_2.conda#03d88c89dfac8a26adcdeff242f94007
https://conda.anaconda.org/bioconda/noarch/perl-archive-tar-3.12-pl5321hdfd78af_0.conda#4ee2727440bf9b0b055c1f17a72701f6
https://conda.anaconda.org/conda-forge/noarch/perl-common-sense-3.75-pl5321hd8ed1ab_0.tar.bz2#ef70dc77e8b10bbb62f5e843b401ef0e
https://conda.anaconda.org/bioconda/noarch/perl-types-serialiser-1.01-pl5321hdfd78af_0.tar.bz2#cfc65753e827bbef80c00eaa395f6ae7
https://conda.anaconda.org/bioconda/linux-64/perl-json-xs-4.04-pl5321h9948957_0.conda#7916b2e794393b3389535ba750f489da
https://conda.anaconda.org/bioconda/noarch/perl-json-4.11-pl5321hdfd78af_0.conda#56411755d21870a9ec16c76fd7b66dba
https://conda.anaconda.org/conda-forge/noarch/perl-exporter-tiny-1.002002-pl5321hd8ed1ab_0.tar.bz2#48d709826875be1f2c108d3d1d8efec7
https://conda.anaconda.org/bioconda/linux-64/perl-list-moreutils-xs-0.430-pl5321h7b50bb2_5.tar.bz2#9192770eb08524038c3fcf24e915b10c
https://conda.anaconda.org/bioconda/noarch/perl-list-moreutils-0.430-pl5321hdfd78af_0.tar.bz2#7f04c79d216d0f8e7b6d5a51de4aafa0
https://conda.anaconda.org/bioconda/linux-64/blast-2.17.0-h66d330f_0.conda#405ce6d52eba06fcd48197ae1eb8f5a9
https://conda.anaconda.org/conda-forge/linux-64/gmp-6.3.0-hfd2156b_3.conda#576e32739f323438bf69ab006c21be7b
https://conda.anaconda.org/conda-forge/linux-64/libtasn1-4.21.0-hb03c661_1.conda#e9268f0d59cc7559d0e910b402cd437a
https://conda.anaconda.org/conda-forge/linux-64/nettle-3.10.1-h5ef0d04_1.conda#7b8f8d1226c95f61a51436a657c84770
https://conda.anaconda.org/conda-forge/linux-64/libffi-3.7.0-h3435931_0.conda#0abe40a9880086ca4d2e5daf09dceff9
https://conda.anaconda.org/conda-forge/linux-64/p11-kit-0.26.5-h586ad30_1.conda#1bf419c59c9fbda7d074147bb4bed800
https://conda.anaconda.org/conda-forge/linux-64/gnutls-3.8.13-h18acefa_0.conda#7c3de21891993e89aabdadaa603ed835
https://conda.anaconda.org/bioconda/linux-64/blast-legacy-2.2.26-hf7ff83a_5.tar.bz2#5903537286f884c60a3c7f0f3247ad68
https://conda.anaconda.org/conda-forge/linux-64/tk-8.6.13-noxft_hd70dff1_3.conda#48a1049e710857572fc2a832aa394d9f
https://conda.anaconda.org/conda-forge/linux-64/bwidget-1.10.1-ha770c72_1.conda#983b92277d78c0d0ec498e460caa0e6d
https://conda.anaconda.org/conda-forge/linux-64/libexpat-2.8.1-hecca717_1.conda#b24d3c612f71e7aa74158d92106318b2
https://conda.anaconda.org/conda-forge/linux-64/libpng-1.6.58-h922cc85_1.conda#fcf71c8d979148873f6f8ad4cfc73d86
https://conda.anaconda.org/conda-forge/linux-64/libfreetype6-2.14.3-h5e6c136_2.conda#b72a266a9317036fd0464cb98b027cd0
https://conda.anaconda.org/conda-forge/linux-64/libfreetype-2.14.3-ha770c72_2.conda#f8054e759d0ddddaf34a5c8fedc900a1
https://conda.anaconda.org/conda-forge/linux-64/libuuid-2.42.2-h5347b49_0.conda#01bb81d12c957de066ea7362007df642
https://conda.anaconda.org/conda-forge/linux-64/fontconfig-2.18.3-h4db4eae_1.conda#922776b528a470ab5afa81fd42abfa1d
https://conda.anaconda.org/conda-forge/noarch/font-ttf-dejavu-sans-mono-2.37-hab24e00_0.tar.bz2#0c96522c6bdaed4b1566d11387caaf45
https://conda.anaconda.org/conda-forge/noarch/font-ttf-inconsolata-3.000-h77eed37_0.tar.bz2#34893075a5c9e55cdafac56607368fc6
https://conda.anaconda.org/conda-forge/noarch/font-ttf-source-code-pro-2.038-h77eed37_0.tar.bz2#4d59c254e01d9cde7957100457e2d5fb
https://conda.anaconda.org/conda-forge/noarch/font-ttf-ubuntu-0.83-h77eed37_3.conda#49023d73832ef61042f6a237cb2687e7
https://conda.anaconda.org/conda-forge/noarch/fonts-conda-forge-1-hc364b38_1.conda#a7970cd949a077b7cb9696379d338681
https://conda.anaconda.org/conda-forge/noarch/fonts-conda-ecosystem-1-0.tar.bz2#fee5683a3f04bd15cbd8318b096a27ab
https://conda.anaconda.org/conda-forge/linux-64/freetype-2.14.3-ha770c72_2.conda#2d0ea23b23603e07ca47f23f949f67b6
https://conda.anaconda.org/conda-forge/linux-64/libstdcxx-ng-16.1.0-hdf11a46_2.conda#8531022ddd724933da9dc3d426a5ad9d
https://conda.anaconda.org/conda-forge/linux-64/icu-73.2-h59595ed_0.conda#cc47e1facc155f91abd89b11e48e72ff
https://conda.anaconda.org/conda-forge/linux-64/libiconv-1.18-h0cb94f2_3.conda#f92233bf33e24a25668bb2119e2c51f9
https://conda.anaconda.org/conda-forge/linux-64/pcre2-10.43-hcad00b1_0.conda#8292dea9e022d9610a11fce5e0896ed8
https://conda.anaconda.org/conda-forge/linux-64/libglib-2.80.2-hf974151_0.conda#72724f6a78ecb15559396966226d5838
https://conda.anaconda.org/conda-forge/linux-64/pthread-stubs-0.4-hb03c661_1003.conda#df2c27f36bdb0dde779f55b5df76a352
https://conda.anaconda.org/conda-forge/linux-64/xorg-libxau-1.0.12-hb03c661_2.conda#f06ef439c280a5f90b8bf62355008dbc
https://conda.anaconda.org/conda-forge/linux-64/xorg-libxdmcp-1.1.5-hb03c661_2.conda#2e66c929f3d879708335b6ea4557c838
https://conda.anaconda.org/conda-forge/linux-64/libxcb-1.17.0-hb83e432_1.conda#64e856c420205b009da26471d3ac161d
https://conda.anaconda.org/conda-forge/linux-64/pixman-0.46.4-h54a6638_3.conda#0ee5bb30034b081a1386c1e2c98ab0a7
https://conda.anaconda.org/conda-forge/linux-64/xorg-libice-1.1.2-h280c20c_0.conda#85c9442aec283b4e464fa9ecc484a2f3
https://conda.anaconda.org/conda-forge/linux-64/xorg-libsm-1.2.6-h0d788c3_1.conda#aa7459ed9ad086ba11dda843d764b33d
https://conda.anaconda.org/conda-forge/linux-64/xorg-libx11-1.8.13-he1eb515_1.conda#8c282bbe4808a3cc80a5c98e9aec1cfc
https://conda.anaconda.org/conda-forge/linux-64/xorg-libxext-1.3.7-h7cc23a3_1.conda#e5b6b28536b81b3f4cb20db4668a4642
https://conda.anaconda.org/conda-forge/linux-64/xorg-libxrender-0.9.12-hb03c661_1.conda#e470d224a7a5be1b1d021bded7abb536
https://conda.anaconda.org/conda-forge/linux-64/cairo-1.18.0-hbb29018_2.conda#b6d90276c5aee9b4407dd94eb0cd40a8
https://conda.anaconda.org/bioconda/linux-64/clustalo-1.2.4-h503566f_10.conda#c418f68c70b876a5d6f0463b42226aa3
https://conda.anaconda.org/bioconda/linux-64/clustalw-2.1-hc52dbad_13.conda#ee68def863492e76d2264af503a448c9
https://conda.anaconda.org/conda-forge/linux-64/expat-2.8.1-hecca717_1.conda#e211a78613b9d50a096644b97cede8f7
https://conda.anaconda.org/conda-forge/linux-64/fribidi-1.0.16-hb03c661_1.conda#1cd10eda5692519d01bb20e086e214c9
https://conda.anaconda.org/conda-forge/linux-64/libasprintf-0.25.1-h3f43e3d_1.conda#3b0d184bc9404516d418d4509e418bdc
https://conda.anaconda.org/conda-forge/linux-64/libgettextpo-0.25.1-h3f43e3d_1.conda#2f4de899028319b27eb7a4023be5dfd2
https://conda.anaconda.org/conda-forge/linux-64/mpfr-4.2.2-ha2cb11d_1.conda#7dcc10f6c0bc3596d5519a710a84dfd4
https://conda.anaconda.org/conda-forge/linux-64/readline-8.3-hd6e31c0_1.conda#69c01c781e7c8190bbdaf79e3848c5ca
https://conda.anaconda.org/conda-forge/linux-64/gawk-5.4.1-h0a3468a_0.conda#64fd8d804a6aaef55d6d6c562446d72b
https://conda.anaconda.org/conda-forge/noarch/libgcc-devel_linux-64-16.1.0-h59071f9_102.conda#88543bc2f8ecafd2b207424a63a26f49
https://conda.anaconda.org/conda-forge/linux-64/libsanitizer-16.1.0-hf2715c6_2.conda#e8f551ba141d88e3caa3ab22ec296fb5
https://conda.anaconda.org/conda-forge/noarch/libstdcxx-devel_linux-64-16.1.0-h41cdd0d_102.conda#a64e9877b568575ac1d8ef73a208ee92
https://conda.anaconda.org/conda-forge/linux-64/gcc_impl_linux-64-16.1.0-hceef32b_2.conda#3ab6cd4599e8ba71760ac99ec2791358
https://conda.anaconda.org/conda-forge/linux-64/libgfortran5-16.1.0-h79bb938_2.conda#60fe1556f159aad832acef6bf8a5102d
https://conda.anaconda.org/conda-forge/linux-64/gfortran_impl_linux-64-16.1.0-h08e1a1a_2.conda#a69547ea6fa3ed8b42c5f78763245d8d
https://conda.anaconda.org/conda-forge/linux-64/graphite2-1.3.15-h54a6638_1.conda#f9fe2984587fa8235a6af6004760cd18
https://conda.anaconda.org/conda-forge/linux-64/libgfortran-16.1.0-h69a702a_2.conda#85c8f13b26afe335c9df928995f56683
https://conda.anaconda.org/conda-forge/linux-64/libopenblas-0.3.34-pthreads_h94d23a6_0.conda#c282d68f272927612462b5d626838ef1
https://conda.anaconda.org/conda-forge/linux-64/libblas-3.11.0-9_h4a7cf45_openblas.conda#f5c4b041925dea221dc4bad2e50569d9
https://conda.anaconda.org/conda-forge/linux-64/libcblas-3.11.0-9_h0358290_openblas.conda#092c5649f3727af436ab0f67f48c3811
https://conda.anaconda.org/conda-forge/linux-64/gsl-2.8-hbf7d49c_1.conda#04e128d2adafe3c844cde58f103c481b
https://conda.anaconda.org/conda-forge/linux-64/gxx_impl_linux-64-16.1.0-he33a5f8_2.conda#e7c7ddb0a745833c1b9273612fabcdba
https://conda.anaconda.org/conda-forge/linux-64/harfbuzz-9.0.0-hfac3d4d_0.conda#c7b47c64af53e8ecee01d101eeab2342
https://conda.anaconda.org/conda-forge/linux-64/libdeflate-1.25-hd45a770_1.conda#40f9b31aa9cf007789867df0decd0492
https://conda.anaconda.org/bioconda/linux-64/htslib-1.24-ha79157c_0.conda#232775112c6fea38e9e7c25d2a58d7d2
https://conda.anaconda.org/conda-forge/linux-64/libdb-6.2.32-h9c3ff4c_0.tar.bz2#3f3258d8f841fbac63b36b75bdac1afd
https://conda.anaconda.org/conda-forge/linux-64/perl-db_file-1.858-pl5321hb9d3cd8_0.conda#2dc3e251150589a85fc4219568b12a25
https://conda.anaconda.org/bioconda/noarch/perl-bioperl-core-1.7.8-pl5321hdfd78af_1.tar.bz2#e627a38fe206468089dc73a0aafb6c8c
https://conda.anaconda.org/conda-forge/noarch/perl-constant-1.33-pl5321hd8ed1ab_0.tar.bz2#7f9fc9cfa08a3fe36ffcff820c65c3ac
https://conda.anaconda.org/bioconda/noarch/perl-file-slurper-0.014-pl5321hdfd78af_0.tar.bz2#a7f06ba05f2cd8f867c6a07cd138f2fa
https://conda.anaconda.org/bioconda/noarch/perl-tree-dag_node-1.39-pl5321hdfd78af_0.conda#430074a2b5ad310ca1e585df8bbf3f85
https://conda.anaconda.org/conda-forge/noarch/perl-business-isbn-data-20210112.006-pl5321hd8ed1ab_0.tar.bz2#a70f08650ec3919ee5e599834f1349d3
https://conda.anaconda.org/conda-forge/noarch/perl-business-isbn-3.007-pl5321hd8ed1ab_0.tar.bz2#a7a3d7614e1a73b8d9c20030651d6006
https://conda.anaconda.org/conda-forge/linux-64/perl-try-tiny-0.31-pl5321ha770c72_0.tar.bz2#cc23b14ed56bf51d84832d98ebd156af
https://conda.anaconda.org/conda-forge/linux-64/perl-test-fatal-0.016-pl5321ha770c72_0.tar.bz2#5c397b1fd3095004f4ff149af1c0dd3c
https://conda.anaconda.org/conda-forge/linux-64/perl-test-warnings-0.031-pl5321ha770c72_0.conda#db0eb51272ea7af7213afaaf7e9967c3
https://conda.anaconda.org/conda-forge/linux-64/perl-uri-5.36-pl5321ha770c72_0.conda#5f4ebabe0d3ab8737e6bf958031a9720
https://conda.anaconda.org/conda-forge/noarch/perl-base-2.23-pl5321hd8ed1ab_0.tar.bz2#d0ae29661c8985b4e4a512e6973f7a3f
https://conda.anaconda.org/conda-forge/linux-64/perl-b-cow-0.007-pl5321hb9d3cd8_1.conda#8c052f33ecc8abd56bdb83c8d3aa4cfa
https://conda.anaconda.org/conda-forge/linux-64/perl-clone-0.46-pl5321hb9d3cd8_1.conda#a9f2e21782bd80222e9955e7e7b3b8ef
https://conda.anaconda.org/bioconda/noarch/perl-encode-locale-1.05-pl5321hdfd78af_7.tar.bz2#b431fde1d115040cf39bb54280a03dc8
https://conda.anaconda.org/bioconda/noarch/perl-file-spec-3.48_01-pl5321hdfd78af_2.tar.bz2#aab3e394e9759fffdbd042d98d30aeb8
https://conda.anaconda.org/bioconda/noarch/perl-time-local-1.35-pl5321hdfd78af_0.tar.bz2#e813d43b775e17589b5dd9cd99b3e8b6
https://conda.anaconda.org/bioconda/noarch/perl-timedate-2.35-pl5321hdfd78af_0.conda#b1fb0d02ccba1fe45f5a9d71966db933
https://conda.anaconda.org/bioconda/noarch/perl-http-date-6.08-pl5321hdfd78af_0.conda#4be906d5db946a03a660a24bcb5fb31e
https://conda.anaconda.org/bioconda/noarch/perl-io-html-1.004-pl5321hdfd78af_0.tar.bz2#41b9702808c81294c0b1dc112f239214
https://conda.anaconda.org/bioconda/noarch/perl-lwp-mediatypes-6.04-pl5321hdfd78af_1.tar.bz2#386b035f45e9389e6e9b1a367fdd19bb
https://conda.anaconda.org/conda-forge/linux-64/perl-mime-base64-3.16-pl5321hb9d3cd8_3.conda#bd0e163e658e89bfd364152c4673f6e4
https://conda.anaconda.org/conda-forge/noarch/perl-test-needs-0.002009-pl5321hd8ed1ab_0.tar.bz2#56f7068f66997894cc99d469d584da26
https://conda.anaconda.org/bioconda/linux-64/perl-url-encode-0.03-pl5321h9ee0642_1.tar.bz2#dc4d3ec16f80c73207ea86de42a62b51
https://conda.anaconda.org/bioconda/noarch/perl-http-message-7.04-pl5321hdfd78af_0.conda#2b75d998b93f3b57526a05f5971138e9
https://conda.anaconda.org/bioconda/linux-64/perl-data-dump-1.25-pl5321h7b50bb2_2.tar.bz2#17ba0d33018e2f2a6f63513ba749bf49
https://conda.anaconda.org/conda-forge/linux-64/perl-digest-md5-2.59-pl5321hb9d3cd8_3.conda#f9e50ca77bd43238ea7ec15f79895809
https://conda.anaconda.org/bioconda/noarch/perl-file-listing-6.16-pl5321hdfd78af_0.tar.bz2#aee1982ba098bb88b04a68f6e06dd825
https://conda.anaconda.org/bioconda/noarch/perl-html-tagset-3.24-pl5321hdfd78af_0.tar.bz2#3717890fb544dcd6f16ac07b4ac3b147
https://conda.anaconda.org/bioconda/linux-64/perl-html-parser-3.81-pl5321h4ac6f70_1.tar.bz2#6ef96e2df04cabd48c4c888c1ec57523
https://conda.anaconda.org/bioconda/noarch/perl-http-cookiejar-lwp-0.014-pl5321hdfd78af_0.conda#4de21edd600eb34515a0b2aa0aee90a3
https://conda.anaconda.org/bioconda/noarch/perl-http-cookies-6.12-pl5321hdfd78af_0.conda#3efa602a0e94bdb5556693019e7c1d07
https://conda.anaconda.org/bioconda/linux-64/perl-socket-2.027-pl5321h5c03b87_6.tar.bz2#386471424f4b28cd0f1acefef56be4e0
https://conda.anaconda.org/bioconda/noarch/perl-http-daemon-6.17-pl5321hdfd78af_0.conda#4351569866559b98dd4d534549ebc834
https://conda.anaconda.org/bioconda/noarch/perl-http-negotiate-6.01-pl5321hdfd78af_4.tar.bz2#8a56e406990d3b84b89a50caf5f2811d
https://conda.anaconda.org/conda-forge/linux-64/perl-net-ssleay-1.96-pl5321h34fdc24_0.conda#a982dd517a0597006be5d3990947e878
https://conda.anaconda.org/conda-forge/noarch/perl-io-socket-ssl-2.075-pl5321hd8ed1ab_0.tar.bz2#766504bbe99de2151648d98312b09c2b
https://conda.anaconda.org/bioconda/noarch/perl-mozilla-ca-20260813-pl5321hdfd78af_0.conda#9f8cb0bdb2a681cc6e556c5c3d05a36e
https://conda.anaconda.org/bioconda/noarch/perl-net-http-6.24-pl5321hdfd78af_0.conda#b52c57918e321baa0b44040086d1ca8c
https://conda.anaconda.org/bioconda/noarch/perl-test-requiresinternet-0.05-pl5321hdfd78af_1.tar.bz2#715b1cf617730df28080c5c3981212e4
https://conda.anaconda.org/bioconda/noarch/perl-lwp-protocol-https-6.17-pl5321hdfd78af_0.conda#446c2e6e3c0fb56cebde3350af9f35d9
https://conda.anaconda.org/bioconda/noarch/perl-module-load-0.34-pl5321hdfd78af_0.tar.bz2#45df92e53ca24c6a8e1bda8be712c0bf
https://conda.anaconda.org/bioconda/noarch/perl-digest-hmac-1.05-pl5321hdfd78af_0.conda#f441d2adaace5ec31464ea4249107b2e
https://conda.anaconda.org/bioconda/noarch/perl-ntlm-1.09-pl5321hdfd78af_5.tar.bz2#dac95634eb35296b62569c77e2ceef5c
https://conda.anaconda.org/bioconda/noarch/perl-www-robotrules-6.03-pl5321hdfd78af_0.conda#97cb437b57ea66da8a29ad4aecd26548
https://conda.anaconda.org/bioconda/noarch/perl-libwww-perl-6.83-pl5321hdfd78af_0.conda#24683a2fa15544a5bae791ed6bf0c109
https://conda.anaconda.org/conda-forge/linux-64/perl-xml-parser-2.44_01-pl5321hf2e2c51_1004.conda#74b306d35769f0b5de0cfab93a7e7f74
https://conda.anaconda.org/bioconda/noarch/perl-libxml-perl-0.08-pl5321hdfd78af_3.tar.bz2#1c365765ae910890ad8787ef53dab70c
https://conda.anaconda.org/bioconda/noarch/perl-xml-regexp-0.04-pl5321hdfd78af_3.tar.bz2#8a5a1bd078a08890084e93cd5eff3fa7
https://conda.anaconda.org/bioconda/noarch/perl-xml-dom-1.46-pl5321hdfd78af_1.tar.bz2#45b7ce435727456727f45b3e2121b23b
https://conda.anaconda.org/bioconda/noarch/perl-xml-xpathengine-0.14-pl5321hdfd78af_3.tar.bz2#4af616066d02762108e88cf5413d3ded
https://conda.anaconda.org/bioconda/noarch/perl-xml-dom-xpath-0.14-pl5321hdfd78af_2.tar.bz2#b959a7e6e307abaec3f06b0bc007809a
https://conda.anaconda.org/bioconda/noarch/perl-bio-featureio-1.6.905-pl5321hdfd78af_4.tar.bz2#1b4b260b45e9cac33fcb45918cda428b
https://conda.anaconda.org/bioconda/noarch/perl-file-readbackwards-1.06-pl5321hdfd78af_0.tar.bz2#b5c0ae22f2b7d864fc219cba9354784a
https://conda.anaconda.org/bioconda/noarch/perl-io-string-1.08-pl5321hdfd78af_4.tar.bz2#c34ef3559a60db3eeddbdd10718906a4
https://conda.anaconda.org/conda-forge/noarch/perl-file-path-2.18-pl5321hd8ed1ab_0.tar.bz2#e13e456f61b8261ba074c0aa93086afe
https://conda.anaconda.org/conda-forge/noarch/perl-file-temp-0.2304-pl5321hd8ed1ab_0.tar.bz2#0a039c4fc36748942287ee10d0431515
https://conda.anaconda.org/conda-forge/noarch/perl-test-simple-1.302191-pl5321hd8ed1ab_0.tar.bz2#050f999b662fafc1335674b96374e2a3
https://conda.anaconda.org/bioconda/noarch/perl-bio-gff3-2.0-pl5321hdfd78af_5.tar.bz2#a069b0294a6e8621f3b268f85d4a56b4
https://conda.anaconda.org/conda-forge/linux-64/perl-data-dumper-2.183-pl5321hb9d3cd8_1.conda#54afd67312b7883b35ff21505c55e97f
https://conda.anaconda.org/conda-forge/linux-64/perl-class-data-inheritable-0.09-pl5321ha770c72_0.conda#7f35030f8bdce01431ffbdea84ac60d1
https://conda.anaconda.org/conda-forge/linux-64/perl-devel-stacktrace-2.04-pl5321h296ab09_0.conda#dd8fdb871a43e20da8d419e08a25aabc
https://conda.anaconda.org/conda-forge/linux-64/perl-exception-class-1.45-pl5321ha770c72_0.conda#fcfd30dc17b0f4a00f027166107afd96
https://conda.anaconda.org/conda-forge/noarch/perl-test-deep-1.130-pl5321hd8ed1ab_0.tar.bz2#fcc516756eeb56208965d43fc12e23dd
https://conda.anaconda.org/conda-forge/noarch/perl-algorithm-diff-1.201-pl5321hd8ed1ab_0.tar.bz2#4ec6c1ea1d18947663b8cdc5f63cb2bf
https://conda.anaconda.org/conda-forge/noarch/perl-text-diff-1.45-pl5321hd8ed1ab_0.tar.bz2#7c91b422ca8ccb679449d1e3cdd3b7d7
https://conda.anaconda.org/conda-forge/linux-64/perl-test-differences-0.72-pl5321ha770c72_0.conda#d079d274039b439b6388a450e36b7dc7
https://conda.anaconda.org/conda-forge/linux-64/perl-sub-uplevel-0.2800-pl5321hb9d3cd8_0.conda#c4c81c8ebc284bb14ac6ad851f728755
https://conda.anaconda.org/conda-forge/noarch/perl-test-exception-0.43-pl5321hd8ed1ab_0.tar.bz2#022f65da70a23dcc21b9120d18ed4ca8
https://conda.anaconda.org/conda-forge/noarch/perl-test-warn-0.37-pl5321hd8ed1ab_0.tar.bz2#1aa8ad0e60049a063f990dab12fd1d56
https://conda.anaconda.org/bioconda/noarch/perl-test-most-0.42-pl5321hdfd78af_0.conda#82a091ab30440edd3abc53d4fdc215af
https://conda.anaconda.org/bioconda/noarch/perl-bio-asn1-entrezgene-1.73-pl5321hdfd78af_3.tar.bz2#1fa1e8f39aad93a6dc5a07b5bbb0d648
https://conda.anaconda.org/bioconda/noarch/perl-bio-coordinate-1.007001-pl5321hdfd78af_3.tar.bz2#e85ab6482178c1510bcb6d4339ad98ac
https://conda.anaconda.org/conda-forge/linux-64/perl-inc-latest-0.500-pl5321ha770c72_0.conda#0879971f134628d37bc4b13581113134
https://conda.anaconda.org/conda-forge/linux-64/perl-module-build-0.4234-pl5321ha770c72_1.conda#358d42e9f08dd917b649089526e2ae1f
https://conda.anaconda.org/bioconda/linux-64/samtools-0.1.19-h9dcdb79_15.conda#31cb29ce9051fa9f05e26d3d2ba5680f
https://conda.anaconda.org/bioconda/linux-64/perl-bio-samtools-1.43-pl5321h577a1d6_6.tar.bz2#3d36a827064ddcf65dc84f8dc5d932d7
https://conda.anaconda.org/bioconda/noarch/perl-bio-searchio-hmmer-1.7.3-pl5321hdfd78af_0.tar.bz2#8251ea4d5dc4fd65272ac6700c1d8a21
https://conda.anaconda.org/bioconda/linux-64/paml-4.10.10-h87e0c26_2.conda#126e7be483750ee719c882fb23d471f7
https://conda.anaconda.org/bioconda/noarch/perl-file-sort-1.01-pl5321hdfd78af_3.tar.bz2#4e92e20759a9e525a2e98018b25e6100
https://conda.anaconda.org/conda-forge/linux-64/perl-io-tty-1.31-pl5321hb03c661_0.conda#5632c21d8787529810ad47e1017af8a7
https://conda.anaconda.org/bioconda/noarch/perl-ipc-run-20250809.0-pl5321hdfd78af_0.conda#f1092c32b516388b31320d3136a905f3
https://conda.anaconda.org/bioconda/noarch/perl-bioperl-run-1.007003-pl5321hdfd78af_0.tar.bz2#5b7b092efda407c9af1981426d83f3f5
https://conda.anaconda.org/bioconda/noarch/perl-getopt-long-2.58-pl5321hdfd78af_0.tar.bz2#10469a3defbd6dbab17d3d10dd6fd828
https://conda.anaconda.org/bioconda/noarch/perl-bio-tools-phylo-paml-1.7.3-pl5321hdfd78af_3.tar.bz2#6d6d8eb0deb2e754811767358989c8df
https://conda.anaconda.org/bioconda/noarch/perl-bio-tools-run-alignment-clustalw-1.7.4-pl5321hdfd78af_3.tar.bz2#f248e955dd6d2cac60b844cb6df7d68f
https://conda.anaconda.org/conda-forge/linux-64/mafft-7.526-h4bc722e_0.conda#cf3b2acf649bc31e576ed43a2fa4aaa3
https://conda.anaconda.org/bioconda/linux-64/muscle-5.3-h9948957_3.tar.bz2#a467dd774f2bf0e239c3da30ccca7240
https://conda.anaconda.org/bioconda/linux-64/poa-2.0-h7b50bb2_6.tar.bz2#09f8da025ec25fe60e162044ff6b951e
https://conda.anaconda.org/conda-forge/linux-64/libnsl-2.0.1-hb9d3cd8_1.conda#d864d34357c3b65a4b731f78c0801dc4
https://conda.anaconda.org/conda-forge/linux-64/python-3.11.15-h8ab3286_2_cpython.conda#3e7d2d695855c9fb76f559d1a3c6a604
https://conda.anaconda.org/conda-forge/noarch/python_abi-3.11-8_cp311.conda#8fcb6b0e2161850556231336dae58358
https://conda.anaconda.org/bioconda/linux-64/viennarna-2.6.4-py311pl5321h6eedab3_2.tar.bz2#80fea598ab69ef0983d9cf4493855ead
https://conda.anaconda.org/bioconda/linux-64/t-coffee-12.00.7fb08c2-h26a2512_0.tar.bz2#a0e9a4fa83c8c2cb485f248cf5ec0a34
https://conda.anaconda.org/bioconda/noarch/perl-bio-tools-run-alignment-tcoffee-1.7.4-pl5321hdfd78af_5.tar.bz2#932416c9ba6a9af43609e04ec5952574
https://conda.anaconda.org/bioconda/noarch/perl-bioperl-1.7.8-hdfd78af_1.tar.bz2#a693939710e572d0f85f6058b534e319
https://conda.anaconda.org/conda-forge/linux-64/perl-capture-tiny-0.48-pl5321ha770c72_1.tar.bz2#4859b3d284090166394875e68184dc9c
https://conda.anaconda.org/bioconda/linux-64/perl-db-file-1.855-pl5321h779adbc_1.tar.bz2#031a9a57deaa73c090267cd29b545482
https://conda.anaconda.org/bioconda/linux-64/perl-devel-size-0.87-pl5321h87e0c26_0.conda#24168c76ef356b1910d29273815c9753
https://conda.anaconda.org/conda-forge/noarch/perl-digest-crc32-0.01-pl5321hd8ed1ab_0.tar.bz2#68e2acc90a2a2a59613fefab2a6268ab
https://conda.anaconda.org/bioconda/linux-64/perl-file-copy-recursive-0.45-pl5321h7b50bb2_5.tar.bz2#3b1dd0f1717e59ab84f15601d675bab8
https://conda.anaconda.org/bioconda/noarch/perl-file-next-1.18-pl5321hdfd78af_0.tar.bz2#28b8f06f8c19ab9af1d46890c2b6fc88
https://conda.anaconda.org/conda-forge/noarch/perl-clone-choose-0.010-pl5321hd8ed1ab_0.tar.bz2#396ea9fb6502e35da0ea43178d21fe10
https://conda.anaconda.org/conda-forge/noarch/perl-hash-merge-0.302-pl5321hd8ed1ab_0.tar.bz2#a82aebba4e85c73122ff339af20f6a4c
https://conda.anaconda.org/conda-forge/linux-64/perl-test-nowarnings-1.06-pl5321ha770c72_0.conda#16a18cb903332a0f0740a83fc9cc619e
https://conda.anaconda.org/bioconda/linux-64/perl-cgi-4.56-pl5321h7b50bb2_2.tar.bz2#942c138c06720777cdba2a52c2edadb9
https://conda.anaconda.org/bioconda/noarch/perl-heap-simple-perl-0.14-pl5321hdfd78af_2.tar.bz2#fed5f0e2cb75c494595e20e624cf84ee
https://conda.anaconda.org/bioconda/linux-64/perl-heap-simple-xs-0.10-pl5321h7b50bb2_8.tar.bz2#6d99be2fb5cb6ad1b11a66fb5bb44a23
https://conda.anaconda.org/bioconda/noarch/perl-heap-simple-0.13-pl5321hdfd78af_2.tar.bz2#39714751c324d995af609848a36cdba0
https://conda.anaconda.org/bioconda/noarch/perl-io-uncompress-gunzip-2.064-pl5321hdfd78af_2.tar.bz2#576387dfc7d04db98f11d06300eb1cb0
https://conda.anaconda.org/bioconda/noarch/perl-local-lib-2.000029-pl5321hdfd78af_0.tar.bz2#480bee92bb09aac4a39051582dce6fd8
https://conda.anaconda.org/bioconda/linux-64/perl-perlio-gzip-0.20-pl5321h577a1d6_7.tar.bz2#81f556e71d07c5c3db8b845dfaf875e9
https://conda.anaconda.org/bioconda/linux-64/jbrowse-1.16.1-0.tar.bz2#c1dc6c3a9ec9247f74d94763eccf9ee2
https://conda.anaconda.org/conda-forge/linux-64/lerc-4.2.0-hdb68285_0.conda#fb9d356b1a57d6d54768be7ebd5fce09
https://conda.anaconda.org/bioconda/linux-64/libbigwig-0.4.8-h44aa6d8_0.tar.bz2#aa7de4386949d4a8cbf7090255974a54
https://conda.anaconda.org/conda-forge/linux-64/libgfortran-ng-16.1.0-h69a702a_2.conda#8c5d505383519c8e0312ac027523ebc9
https://conda.anaconda.org/conda-forge/linux-64/libjpeg-turbo-3.2.0-hb03c661_1.conda#898d1c9793eaa52efc4727bd84d2e39a
https://conda.anaconda.org/conda-forge/linux-64/liblapack-3.11.0-9_h47877c9_openblas.conda#e51473c2b7e1f9cb61daafccfd912abf
https://conda.anaconda.org/conda-forge/linux-64/liblzma-devel-5.8.3-hb03c661_1.conda#6d83d6a332c19424e9e66b69b180ec11
https://conda.anaconda.org/conda-forge/linux-64/libopenssl-static-3.6.3-hb03c661_1.conda#40adf0c52302ca0fe1b03c6458ff4eb4
https://conda.anaconda.org/conda-forge/linux-64/libwebp-base-1.6.0-hd42ef1d_1.conda#9332b53d0ea93c5d39e33be03a0c611a
https://conda.anaconda.org/conda-forge/linux-64/libtiff-4.7.2-h9d88235_0.conda#c1fcb4a88bc15a9f77ad8d27d7af1df9
https://conda.anaconda.org/conda-forge/linux-64/make-4.4.1-hb03c661_3.conda#b4a198dc40024de2a59c1343e4ae4144
https://conda.anaconda.org/conda-forge/linux-64/mysql-connector-c-6.1.11-h659d440_1008.conda#149e0b89cbbe09397f1147cb3736bcbe
https://conda.anaconda.org/conda-forge/linux-64/numpy-2.4.6-py311h2e04523_0.conda#5d4e35d7097b88c8b1455ef9f6ddf511
https://conda.anaconda.org/conda-forge/noarch/packaging-26.3-pyhc364b38_0.conda#936687ed80f295a1f5dbcf8bd34c252c
https://conda.anaconda.org/conda-forge/linux-64/pango-1.54.0-h4c5309f_1.conda#7df02e445367703cd87a574046e3a6f0
https://conda.anaconda.org/conda-forge/noarch/setuptools-84.0.0-pyh332efcf_0.conda#62ac906f1cd582c6c264c95625cb9d6f
https://conda.anaconda.org/conda-forge/noarch/wheel-0.48.0-pyhd8ed1ab_0.conda#9a2124517bfd5d792e0f7b86eefdfeb8
https://conda.anaconda.org/conda-forge/noarch/pip-26.2.1-pyh8b19718_0.conda#77b6cf3b0689d9fc68561df0db9b856d
https://conda.anaconda.org/bioconda/linux-64/pybigwig-0.3.25-py311h4721021_1.conda#1a083f2ffb8a9f49ec93e600a3a2f04d
https://conda.anaconda.org/bioconda/linux-64/pysam-0.24.0-py311h5f69268_1.conda#a199f2a753f3f3a53eb4e1d0712a7307
https://conda.anaconda.org/conda-forge/linux-64/sed-4.10-h19d0853_0.conda#e4a1ff2e59a5d9b38be71d15c93cf1bd
https://conda.anaconda.org/conda-forge/linux-64/tktable-2.10-h0eb2ad0_9.conda#f3aafc6e6f1da4f162c18ff6595525b8
https://conda.anaconda.org/conda-forge/linux-64/xorg-libxt-1.3.1-h7cc23a3_1.conda#2121765de9c261e2a95ab9fc6efabefb
https://conda.anaconda.org/conda-forge/linux-64/xz-gpl-tools-5.8.3-ha02ee65_1.conda#137db930adb0b3c5407485e0e1a50cfa
https://conda.anaconda.org/conda-forge/linux-64/xz-tools-5.8.3-hb03c661_1.conda#10d693a2db6e8339e4eebcb3a3dae88d
https://conda.anaconda.org/conda-forge/linux-64/xz-5.8.3-ha02ee65_1.conda#36a079606b3aaf9d726211825f182452
https://conda.anaconda.org/conda-forge/linux-64/r-base-4.4.1-h1dca405_0.conda#f7cdd29734090cc3fb459a67208e8261
https://conda.anaconda.org/conda-forge/noarch/r-boot-1.3_32-r44hc72bb7e_1.conda#241eb6113fd6f1f84a8dc9c68c58e73d
https://conda.anaconda.org/conda-forge/linux-64/r-mass-7.3_66-r44h54b55ab_0.conda#4317cc9b7592349d5142402c6cc01d4d
https://conda.anaconda.org/conda-forge/linux-64/r-class-7.3_23-r44h54b55ab_1.conda#a3f0e7e41dc4916ca7c7af9e15ea02d2
https://conda.anaconda.org/conda-forge/linux-64/r-cluster-2.1.8.3-r44heaba542_0.conda#12d13b7281ad89e56db09d6896844167
https://conda.anaconda.org/conda-forge/noarch/r-codetools-0.2_20-r44hc72bb7e_2.conda#d81c629f78e571b14f9a617253c44552
https://conda.anaconda.org/conda-forge/linux-64/r-foreign-0.8_91-r44h54b55ab_0.conda#181b09281b371778c0f74a4e2d7ae21e
https://conda.anaconda.org/conda-forge/linux-64/r-kernsmooth-2.23_26-r44ha0a88a1_1.conda#9737719ec08adb623be7358f45221be2
https://conda.anaconda.org/conda-forge/linux-64/r-lattice-0.23_1-r44hddc5280_0.conda#e1806a98d488934aecc663e1ca60b5fc
https://conda.anaconda.org/conda-forge/linux-64/r-matrix-1.7_6-r44h0e4624f_0.conda#852b37b5350a80218cf6e93b5723811e
https://conda.anaconda.org/conda-forge/linux-64/r-nlme-3.1_170-r44heaba542_0.conda#91449bedd9f5e677b4f26c98db320794
https://conda.anaconda.org/conda-forge/linux-64/r-mgcv-1.9_4-r44h0e4624f_0.conda#aefbc031d18739a5b091eaa598b6e59b
https://conda.anaconda.org/conda-forge/linux-64/r-nnet-7.3_21-r44hddc5280_0.conda#4884c21b84a859d4f88c47004156b0c1
https://conda.anaconda.org/conda-forge/linux-64/r-rpart-4.1.27-r44h54b55ab_0.conda#42b1130ecd0c4f599a20d838867b1782
https://conda.anaconda.org/conda-forge/linux-64/r-spatial-7.3_18-r44h54b55ab_1.conda#b0b356c07e310cb500ec491ae6eb77f9
https://conda.anaconda.org/conda-forge/linux-64/r-survival-3.8_9-r44h54b55ab_0.conda#945393fde2b18b1ff3a597a34653c093
https://conda.anaconda.org/conda-forge/noarch/r-recommended-4.4-r44hd8ed1ab_1008.conda#3bfffc0cd88a057342247c3eb877c778
https://conda.anaconda.org/conda-forge/noarch/r-4.4-r44hd8ed1ab_1009.conda#680a5c5bfdf1853434b0457acfb16a9c
https://conda.anaconda.org/bioconda/linux-64/rsem-1.2.28-0.tar.bz2#5635cf58d42478036400d78a4575dc1a
https://conda.anaconda.org/bioconda/linux-64/ucsc-fatotwobit-482-hdc0a859_0.tar.bz2#bfac086f1764d2aedfb35540a9009cdf
https://conda.anaconda.org/bioconda/linux-64/ucsc-wigtobigwig-482-hdc0a859_1.tar.bz2#860ab3c1262b7fa3edb6474302bb0a03
https://conda.anaconda.org/bioconda/linux-64/wiggletools-1.2.1-0.tar.bz2#70d1bf95547e6a6154887d52abaddc20
