argcomplete==3.7.2
CacheControl==0.14.4
certifi==2026.7.22
charset-normalizer==3.5.1
coloredlogs==15.0.1
cwl-upgrader==1.2.15
cwl-utils==0.43
cwlref-runner==1.0
cwltool==3.2.20260720092025
filelock==3.32.3
humanfriendly==10.0
idna==3.19
lxml==6.1.2
markdown-it-py==4.2.0
mdurl==0.1.2
mistune==3.2.1
msgpack==1.2.1
mypy_extensions==1.1.0
networkx==3.6.1
numpy==2.4.6
prov==1.5.1
psutil==7.2.2
pydot==4.0.1
Pygments==2.21.0
pyparsing==3.3.2
pysam==0.24.0
python-dateutil==2.9.0.post0
rdflib==7.6.0
requests==2.34.2
rich==15.0.0
rich-argparse==1.8.0
ruamel.yaml==0.19.1
schema-salad==8.10.20260814121804
six==1.17.0
spython==0.3.14
typing_extensions==4.16.0
urllib3==2.7.0
